dependencies:
- name: bike-app
  repository: file://./charts/bike-app
  version: 0.1.0
- name: db
  repository: file://./charts/db
  version: 0.1.0
- name: mailhog
  repository: file://./charts/mailhog
  version: 0.1.0
digest: sha256:af92e928f9306e457a71ac78f114366df1559923d5646c4ecd48a136f7898dcb
generated: "2025-07-13T15:56:27.2648237-03:00"
